
Microsoft Visual Studio Solution File, Format Version 12.00
# Visual Studio Version 16
VisualStudioVersion = 16.0.29911.84
MinimumVisualStudioVersion = 10.0.40219.1
Project("{FAE04EC0-301F-11D3-BF4B-00C04F79EFBC}") = "WindowsFormsApp3", "WindowsFormsApp3.csproj", "{7E54ACD4-1B2B-420D-A559-CD13479F11DB}"
EndProject
Global
	GlobalSection(SolutionConfigurationPlatforms) = preSolution
		Debug|Any CPU = Debug|Any CPU
		Release|Any CPU = Release|Any CPU
	EndGlobalSection
	GlobalSection(ProjectConfigurationPlatforms) = postSolution
		{7E54ACD4-1B2B-420D-A559-CD13479F11DB}.Debug|Any CPU.ActiveCfg = Debug|Any CPU
		{7E54ACD4-1B2B-420D-A559-CD13479F11DB}.Debug|Any CPU.Build.0 = Debug|Any CPU
		{7E54ACD4-1B2B-420D-A559-CD13479F11DB}.Release|Any CPU.ActiveCfg = Release|Any CPU
		{7E54ACD4-1B2B-420D-A559-CD13479F11DB}.Release|Any CPU.Build.0 = Release|Any CPU
	EndGlobalSection
	GlobalSection(SolutionProperties) = preSolution
		HideSolutionNode = FALSE
	EndGlobalSection
	GlobalSection(ExtensibilityGlobals) = postSolution
		SolutionGuid = {277113DE-8C7C-4662-B866-04C9040EC59B}
	EndGlobalSection
EndGlobal
